[{<<"certifi">>,{pkg,<<"certifi">>,<<"0.7.0">>},1},
 {<<"cowboy">>,
  {git,"git://github.com/RoXeon/cowboy.git",
       {ref,"cd83171c4a11fc053f1b0e4f6c8443b1fb3a2afd"}},
  0},
 {<<"cowlib">>,
  {git,"git://github.com/ninenines/cowlib.git",
       {ref,"d544a494af4dbc810fc9c15eaf5cc050cced1501"}},
  1},
 {<<"hackney">>,
  {git,"git://github.com/benoitc/hackney.git",
       {ref,"d80d4d919acadbddea171fab31e040773c99ad49"}},
  0},
 {<<"idna">>,{pkg,<<"idna">>,<<"1.2.0">>},1},
 {<<"meck">>,
  {git,"https://github.com/eproxus/meck.git",
       {ref,"70d6a33ce7407029dc59e22a5b3c1c61c1348b23"}},
  0},
 {<<"metrics">>,{pkg,<<"metrics">>,<<"1.0.1">>},1},
 {<<"mimerl">>,{pkg,<<"mimerl">>,<<"1.0.2">>},1},
 {<<"ranch">>,
  {git,"git://github.com/ninenines/ranch.git",
       {ref,"adf1822defc2b7cfdc7aca112adabfa1d614043c"}},
  1},
 {<<"ssl_verify_fun">>,{pkg,<<"ssl_verify_fun">>,<<"1.1.1">>},1}].
